{
  "name": "frida-voyah-agent",
  "lockfileVersion": 3,
  "requires": true,
  "packages": {
    "": {
      "dependencies": {
        "frida-java-bridge": "^7.0.10"
      }
    },
    "node_modules/frida-java-bridge": {
      "version": "7.0.10",
      "resolved": "https://registry.npmjs.org/frida-java-bridge/-/frida-java-bridge-7.0.10.tgz",
      "integrity": "sha512-AtjgAHE7a2wV6M/8tZvjVqda0T8YGmSoXqkbD0r1Eq6XTFDKYbClKbZqMYHpI9OjxtkIx+xPqkHWWE3+0fDH7w==",
      "license": "LGPL-2.0 WITH WxWindows-exception-3.1"
    }
  }
}
